
Microsoft Visual Studio Solution File, Format Version 12.00
# Visual Studio Version 17
VisualStudioVersion = 17.10.35004.147
MinimumVisualStudioVersion = 10.0.40219.1
Project("{8BC9CEB8-8B4A-11D0-8D11-00A0C91BC942}") = "Task_3", "Task_3.vcxproj", "{C6249E25-4B9C-4F59-A01D-9BA7D04A1219}"
EndProject
Project("{8BC9CEB8-8B4A-11D0-8D11-00A0C91BC942}") = "GoogleTests", "GoogleTests\GoogleTests.vcxproj", "{F5375856-BEB3-4CF7-9BB7-BF5EDD5D3BFA}"
EndProject
Global
	GlobalSection(SolutionConfigurationPlatforms) = preSolution
		Debug|x64 = Debug|x64
		Debug|x86 = Debug|x86
		Release|x64 = Release|x64
		Release|x86 = Release|x86
	EndGlobalSection
	GlobalSection(ProjectConfigurationPlatforms) = postSolution
		{C6249E25-4B9C-4F59-A01D-9BA7D04A1219}.Debug|x64.ActiveCfg = Debug|x64
		{C6249E25-4B9C-4F59-A01D-9BA7D04A1219}.Debug|x64.Build.0 = Debug|x64
		{C6249E25-4B9C-4F59-A01D-9BA7D04A1219}.Debug|x86.ActiveCfg = Debug|Win32
		{C6249E25-4B9C-4F59-A01D-9BA7D04A1219}.Debug|x86.Build.0 = Debug|Win32
		{C6249E25-4B9C-4F59-A01D-9BA7D04A1219}.Release|x64.ActiveCfg = Release|x64
		{C6249E25-4B9C-4F59-A01D-9BA7D04A1219}.Release|x64.Build.0 = Release|x64
		{C6249E25-4B9C-4F59-A01D-9BA7D04A1219}.Release|x86.ActiveCfg = Release|Win32
		{C6249E25-4B9C-4F59-A01D-9BA7D04A1219}.Release|x86.Build.0 = Release|Win32
		{F5375856-BEB3-4CF7-9BB7-BF5EDD5D3BFA}.Debug|x64.ActiveCfg = Debug|x64
		{F5375856-BEB3-4CF7-9BB7-BF5EDD5D3BFA}.Debug|x64.Build.0 = Debug|x64
		{F5375856-BEB3-4CF7-9BB7-BF5EDD5D3BFA}.Debug|x86.ActiveCfg = Debug|Win32
		{F5375856-BEB3-4CF7-9BB7-BF5EDD5D3BFA}.Debug|x86.Build.0 = Debug|Win32
		{F5375856-BEB3-4CF7-9BB7-BF5EDD5D3BFA}.Release|x64.ActiveCfg = Release|x64
		{F5375856-BEB3-4CF7-9BB7-BF5EDD5D3BFA}.Release|x64.Build.0 = Release|x64
		{F5375856-BEB3-4CF7-9BB7-BF5EDD5D3BFA}.Release|x86.ActiveCfg = Release|Win32
		{F5375856-BEB3-4CF7-9BB7-BF5EDD5D3BFA}.Release|x86.Build.0 = Release|Win32
	EndGlobalSection
	GlobalSection(SolutionProperties) = preSolution
		HideSolutionNode = FALSE
	EndGlobalSection
	GlobalSection(ExtensibilityGlobals) = postSolution
		SolutionGuid = {C1B00758-7B08-4134-B249-C5851BD70B1E}
	EndGlobalSection
EndGlobal
